
Microsoft Visual Studio Solution File, Format Version 12.00
# Visual Studio Version 16
VisualStudioVersion = 16.0.31424.327
MinimumVisualStudioVersion = 10.0.40219.1
Project("{FAE04EC0-301F-11D3-BF4B-00C04F79EFBC}") = "TDCA", "TDCA\TDCA.csproj", "{AE966637-F9AD-4E73-BBB1-E7511C38D004}"
EndProject
Project("{FAE04EC0-301F-11D3-BF4B-00C04F79EFBC}") = "BarcodeLib", "BarcodeLib\BarcodeLib.csproj", "{F8646414-0C9C-49BB-9DA3-3923BF78A398}"
EndProject
Project("{FAE04EC0-301F-11D3-BF4B-00C04F79EFBC}") = "SECURITY", "SECURITY\SECURITY.csproj", "{8C6CC00A-F5A8-4BFF-9391-F65A073408C4}"
EndProject
Project("{FAE04EC0-301F-11D3-BF4B-00C04F79EFBC}") = "Csla", "Csla\Csla.csproj", "{9DA591ED-C570-47AC-8E5D-35B039E07973}"
EndProject
Project("{FAE04EC0-301F-11D3-BF4B-00C04F79EFBC}") = "NETLINK.LIB", "NETLINK.LIB\NETLINK.LIB.csproj", "{D48FABCC-A19A-4023-94E1-C32B28BD896E}"
EndProject
Project("{FAE04EC0-301F-11D3-BF4B-00C04F79EFBC}") = "NETLINK.UI", "NETLINK.UI\NETLINK.UI.csproj", "{04F12D35-332A-4A7D-A0A8-18CC30712697}"
EndProject
Project("{FAE04EC0-301F-11D3-BF4B-00C04F79EFBC}") = "DanhMuc", "DanhMuc\DanhMuc.csproj", "{2ECB100D-801B-4778-BF19-B2BDE89DEE42}"
EndProject
Project("{FAE04EC0-301F-11D3-BF4B-00C04F79EFBC}") = "TruyenThong", "TruyenThong\TruyenThong.csproj", "{99C51FB4-F39B-49A3-902A-94A32486F1B9}"
EndProject
Project("{FAE04EC0-301F-11D3-BF4B-00C04F79EFBC}") = "Csla.Windows", "Csla.Windows\Csla.Windows.csproj", "{C333CFED-D5A6-47A2-96A6-F13EE2B71ECF}"
EndProject
Project("{FAE04EC0-301F-11D3-BF4B-00C04F79EFBC}") = "ModuleChiDaoTuyen", "ModuleChiDaoTuyen\ModuleChiDaoTuyen.csproj", "{95BD3F89-0CDF-47B8-8D0A-26732FC26F24}"
EndProject
Project("{FAE04EC0-301F-11D3-BF4B-00C04F79EFBC}") = "ModuleDaoTao", "ModuleDaoTao\ModuleDaoTao.csproj", "{A3E7D5AB-F2C6-470D-BCB2-359F492ECD7B}"
EndProject
Project("{FAE04EC0-301F-11D3-BF4B-00C04F79EFBC}") = "Authoration", "Authoration\Authoration.csproj", "{AD000BFC-6C0D-4A52-B45B-B1DFAF866CA8}"
EndProject
Project("{FAE04EC0-301F-11D3-BF4B-00C04F79EFBC}") = "ExportLib", "ExportLib\ExportLib.csproj", "{4D92CA99-506F-4011-A5B7-4E07921A2E92}"
EndProject
Project("{FAE04EC0-301F-11D3-BF4B-00C04F79EFBC}") = "DataMigrate", "DataMigrate\DataMigrate.csproj", "{52613160-43FA-4AB0-8A36-B776F6787DF1}"
EndProject
Global
	GlobalSection(SolutionConfigurationPlatforms) = preSolution
		Debug|Any CPU = Debug|Any CPU
		Debug|Mixed Platforms = Debug|Mixed Platforms
		Debug|x64 = Debug|x64
		Debug|x86 = Debug|x86
		Mono Debug|Any CPU = Mono Debug|Any CPU
		Mono Debug|Mixed Platforms = Mono Debug|Mixed Platforms
		Mono Debug|x64 = Mono Debug|x64
		Mono Debug|x86 = Mono Debug|x86
		Mono Release|Any CPU = Mono Release|Any CPU
		Mono Release|Mixed Platforms = Mono Release|Mixed Platforms
		Mono Release|x64 = Mono Release|x64
		Mono Release|x86 = Mono Release|x86
		Release|Any CPU = Release|Any CPU
		Release|Mixed Platforms = Release|Mixed Platforms
		Release|x64 = Release|x64
		Release|x86 = Release|x86
		Testing|Any CPU = Testing|Any CPU
		Testing|Mixed Platforms = Testing|Mixed Platforms
		Testing|x64 = Testing|x64
		Testing|x86 = Testing|x86
	EndGlobalSection
	GlobalSection(ProjectConfigurationPlatforms) = postSolution
		{AE966637-F9AD-4E73-BBB1-E7511C38D004}.Debug|Any CPU.ActiveCfg = Debug|x86
		{AE966637-F9AD-4E73-BBB1-E7511C38D004}.Debug|Mixed Platforms.ActiveCfg = Debug|x86
		{AE966637-F9AD-4E73-BBB1-E7511C38D004}.Debug|Mixed Platforms.Build.0 = Debug|x86
		{AE966637-F9AD-4E73-BBB1-E7511C38D004}.Debug|x64.ActiveCfg = Debug|x86
		{AE966637-F9AD-4E73-BBB1-E7511C38D004}.Debug|x86.ActiveCfg = Debug|x86
		{AE966637-F9AD-4E73-BBB1-E7511C38D004}.Debug|x86.Build.0 = Debug|x86
		{AE966637-F9AD-4E73-BBB1-E7511C38D004}.Mono Debug|Any CPU.ActiveCfg = Debug|x86
		{AE966637-F9AD-4E73-BBB1-E7511C38D004}.Mono Debug|Mixed Platforms.ActiveCfg = Debug|x86
		{AE966637-F9AD-4E73-BBB1-E7511C38D004}.Mono Debug|Mixed Platforms.Build.0 = Debug|x86
		{AE966637-F9AD-4E73-BBB1-E7511C38D004}.Mono Debug|x64.ActiveCfg = Debug|x86
		{AE966637-F9AD-4E73-BBB1-E7511C38D004}.Mono Debug|x86.ActiveCfg = Debug|x86
		{AE966637-F9AD-4E73-BBB1-E7511C38D004}.Mono Debug|x86.Build.0 = Debug|x86
		{AE966637-F9AD-4E73-BBB1-E7511C38D004}.Mono Release|Any CPU.ActiveCfg = Release|x86
		{AE966637-F9AD-4E73-BBB1-E7511C38D004}.Mono Release|Mixed Platforms.ActiveCfg = Release|x86
		{AE966637-F9AD-4E73-BBB1-E7511C38D004}.Mono Release|Mixed Platforms.Build.0 = Release|x86
		{AE966637-F9AD-4E73-BBB1-E7511C38D004}.Mono Release|x64.ActiveCfg = Release|x86
		{AE966637-F9AD-4E73-BBB1-E7511C38D004}.Mono Release|x86.ActiveCfg = Release|x86
		{AE966637-F9AD-4E73-BBB1-E7511C38D004}.Mono Release|x86.Build.0 = Release|x86
		{AE966637-F9AD-4E73-BBB1-E7511C38D004}.Release|Any CPU.ActiveCfg = Release|x86
		{AE966637-F9AD-4E73-BBB1-E7511C38D004}.Release|Mixed Platforms.ActiveCfg = Release|x86
		{AE966637-F9AD-4E73-BBB1-E7511C38D004}.Release|Mixed Platforms.Build.0 = Release|x86
		{AE966637-F9AD-4E73-BBB1-E7511C38D004}.Release|x64.ActiveCfg = Release|x86
		{AE966637-F9AD-4E73-BBB1-E7511C38D004}.Release|x86.ActiveCfg = Release|x86
		{AE966637-F9AD-4E73-BBB1-E7511C38D004}.Release|x86.Build.0 = Release|x86
		{AE966637-F9AD-4E73-BBB1-E7511C38D004}.Testing|Any CPU.ActiveCfg = Release|x86
		{AE966637-F9AD-4E73-BBB1-E7511C38D004}.Testing|Mixed Platforms.ActiveCfg = Release|x86
		{AE966637-F9AD-4E73-BBB1-E7511C38D004}.Testing|Mixed Platforms.Build.0 = Release|x86
		{AE966637-F9AD-4E73-BBB1-E7511C38D004}.Testing|x64.ActiveCfg = Release|x86
		{AE966637-F9AD-4E73-BBB1-E7511C38D004}.Testing|x86.ActiveCfg = Release|x86
		{AE966637-F9AD-4E73-BBB1-E7511C38D004}.Testing|x86.Build.0 = Release|x86
		{F8646414-0C9C-49BB-9DA3-3923BF78A398}.Debug|Any CPU.ActiveCfg = Debug|Any CPU
		{F8646414-0C9C-49BB-9DA3-3923BF78A398}.Debug|Any CPU.Build.0 = Debug|Any CPU
		{F8646414-0C9C-49BB-9DA3-3923BF78A398}.Debug|Mixed Platforms.ActiveCfg = Debug|Any CPU
		{F8646414-0C9C-49BB-9DA3-3923BF78A398}.Debug|Mixed Platforms.Build.0 = Debug|Any CPU
		{F8646414-0C9C-49BB-9DA3-3923BF78A398}.Debug|x64.ActiveCfg = Debug|Any CPU
		{F8646414-0C9C-49BB-9DA3-3923BF78A398}.Debug|x86.ActiveCfg = Debug|Any CPU
		{F8646414-0C9C-49BB-9DA3-3923BF78A398}.Mono Debug|Any CPU.ActiveCfg = Debug|Any CPU
		{F8646414-0C9C-49BB-9DA3-3923BF78A398}.Mono Debug|Any CPU.Build.0 = Debug|Any CPU
		{F8646414-0C9C-49BB-9DA3-3923BF78A398}.Mono Debug|Mixed Platforms.ActiveCfg = Debug|Any CPU
		{F8646414-0C9C-49BB-9DA3-3923BF78A398}.Mono Debug|Mixed Platforms.Build.0 = Debug|Any CPU
		{F8646414-0C9C-49BB-9DA3-3923BF78A398}.Mono Debug|x64.ActiveCfg = Debug|Any CPU
		{F8646414-0C9C-49BB-9DA3-3923BF78A398}.Mono Debug|x86.ActiveCfg = Debug|Any CPU
		{F8646414-0C9C-49BB-9DA3-3923BF78A398}.Mono Release|Any CPU.ActiveCfg = Release|Any CPU
		{F8646414-0C9C-49BB-9DA3-3923BF78A398}.Mono Release|Any CPU.Build.0 = Release|Any CPU
		{F8646414-0C9C-49BB-9DA3-3923BF78A398}.Mono Release|Mixed Platforms.ActiveCfg = Release|Any CPU
		{F8646414-0C9C-49BB-9DA3-3923BF78A398}.Mono Release|Mixed Platforms.Build.0 = Release|Any CPU
		{F8646414-0C9C-49BB-9DA3-3923BF78A398}.Mono Release|x64.ActiveCfg = Release|Any CPU
		{F8646414-0C9C-49BB-9DA3-3923BF78A398}.Mono Release|x86.ActiveCfg = Release|Any CPU
		{F8646414-0C9C-49BB-9DA3-3923BF78A398}.Release|Any CPU.ActiveCfg = Release|Any CPU
		{F8646414-0C9C-49BB-9DA3-3923BF78A398}.Release|Any CPU.Build.0 = Release|Any CPU
		{F8646414-0C9C-49BB-9DA3-3923BF78A398}.Release|Mixed Platforms.ActiveCfg = Release|Any CPU
		{F8646414-0C9C-49BB-9DA3-3923BF78A398}.Release|Mixed Platforms.Build.0 = Release|Any CPU
		{F8646414-0C9C-49BB-9DA3-3923BF78A398}.Release|x64.ActiveCfg = Release|Any CPU
		{F8646414-0C9C-49BB-9DA3-3923BF78A398}.Release|x86.ActiveCfg = Release|Any CPU
		{F8646414-0C9C-49BB-9DA3-3923BF78A398}.Testing|Any CPU.ActiveCfg = Release|Any CPU
		{F8646414-0C9C-49BB-9DA3-3923BF78A398}.Testing|Any CPU.Build.0 = Release|Any CPU
		{F8646414-0C9C-49BB-9DA3-3923BF78A398}.Testing|Mixed Platforms.ActiveCfg = Release|Any CPU
		{F8646414-0C9C-49BB-9DA3-3923BF78A398}.Testing|Mixed Platforms.Build.0 = Release|Any CPU
		{F8646414-0C9C-49BB-9DA3-3923BF78A398}.Testing|x64.ActiveCfg = Release|Any CPU
		{F8646414-0C9C-49BB-9DA3-3923BF78A398}.Testing|x86.ActiveCfg = Release|Any CPU
		{8C6CC00A-F5A8-4BFF-9391-F65A073408C4}.Debug|Any CPU.ActiveCfg = Debug|Any CPU
		{8C6CC00A-F5A8-4BFF-9391-F65A073408C4}.Debug|Any CPU.Build.0 = Debug|Any CPU
		{8C6CC00A-F5A8-4BFF-9391-F65A073408C4}.Debug|Mixed Platforms.ActiveCfg = Debug|Any CPU
		{8C6CC00A-F5A8-4BFF-9391-F65A073408C4}.Debug|Mixed Platforms.Build.0 = Debug|Any CPU
		{8C6CC00A-F5A8-4BFF-9391-F65A073408C4}.Debug|x64.ActiveCfg = Debug|x64
		{8C6CC00A-F5A8-4BFF-9391-F65A073408C4}.Debug|x64.Build.0 = Debug|x64
		{8C6CC00A-F5A8-4BFF-9391-F65A073408C4}.Debug|x86.ActiveCfg = Debug|x86
		{8C6CC00A-F5A8-4BFF-9391-F65A073408C4}.Debug|x86.Build.0 = Debug|x86
		{8C6CC00A-F5A8-4BFF-9391-F65A073408C4}.Mono Debug|Any CPU.ActiveCfg = Debug|Any CPU
		{8C6CC00A-F5A8-4BFF-9391-F65A073408C4}.Mono Debug|Any CPU.Build.0 = Debug|Any CPU
		{8C6CC00A-F5A8-4BFF-9391-F65A073408C4}.Mono Debug|Mixed Platforms.ActiveCfg = Debug|x86
		{8C6CC00A-F5A8-4BFF-9391-F65A073408C4}.Mono Debug|Mixed Platforms.Build.0 = Debug|x86
		{8C6CC00A-F5A8-4BFF-9391-F65A073408C4}.Mono Debug|x64.ActiveCfg = Debug|x64
		{8C6CC00A-F5A8-4BFF-9391-F65A073408C4}.Mono Debug|x64.Build.0 = Debug|x64
		{8C6CC00A-F5A8-4BFF-9391-F65A073408C4}.Mono Debug|x86.ActiveCfg = Debug|x86
		{8C6CC00A-F5A8-4BFF-9391-F65A073408C4}.Mono Debug|x86.Build.0 = Debug|x86
		{8C6CC00A-F5A8-4BFF-9391-F65A073408C4}.Mono Release|Any CPU.ActiveCfg = Release|Any CPU
		{8C6CC00A-F5A8-4BFF-9391-F65A073408C4}.Mono Release|Any CPU.Build.0 = Release|Any CPU
		{8C6CC00A-F5A8-4BFF-9391-F65A073408C4}.Mono Release|Mixed Platforms.ActiveCfg = Release|x86
		{8C6CC00A-F5A8-4BFF-9391-F65A073408C4}.Mono Release|Mixed Platforms.Build.0 = Release|x86
		{8C6CC00A-F5A8-4BFF-9391-F65A073408C4}.Mono Release|x64.ActiveCfg = Release|x64
		{8C6CC00A-F5A8-4BFF-9391-F65A073408C4}.Mono Release|x64.Build.0 = Release|x64
		{8C6CC00A-F5A8-4BFF-9391-F65A073408C4}.Mono Release|x86.ActiveCfg = Release|x86
		{8C6CC00A-F5A8-4BFF-9391-F65A073408C4}.Mono Release|x86.Build.0 = Release|x86
		{8C6CC00A-F5A8-4BFF-9391-F65A073408C4}.Release|Any CPU.ActiveCfg = Release|Any CPU
		{8C6CC00A-F5A8-4BFF-9391-F65A073408C4}.Release|Any CPU.Build.0 = Release|Any CPU
		{8C6CC00A-F5A8-4BFF-9391-F65A073408C4}.Release|Mixed Platforms.ActiveCfg = Release|x86
		{8C6CC00A-F5A8-4BFF-9391-F65A073408C4}.Release|Mixed Platforms.Build.0 = Release|x86
		{8C6CC00A-F5A8-4BFF-9391-F65A073408C4}.Release|x64.ActiveCfg = Release|x64
		{8C6CC00A-F5A8-4BFF-9391-F65A073408C4}.Release|x64.Build.0 = Release|x64
		{8C6CC00A-F5A8-4BFF-9391-F65A073408C4}.Release|x86.ActiveCfg = Release|x86
		{8C6CC00A-F5A8-4BFF-9391-F65A073408C4}.Release|x86.Build.0 = Release|x86
		{8C6CC00A-F5A8-4BFF-9391-F65A073408C4}.Testing|Any CPU.ActiveCfg = Release|Any CPU
		{8C6CC00A-F5A8-4BFF-9391-F65A073408C4}.Testing|Any CPU.Build.0 = Release|Any CPU
		{8C6CC00A-F5A8-4BFF-9391-F65A073408C4}.Testing|Mixed Platforms.ActiveCfg = Release|x86
		{8C6CC00A-F5A8-4BFF-9391-F65A073408C4}.Testing|Mixed Platforms.Build.0 = Release|x86
		{8C6CC00A-F5A8-4BFF-9391-F65A073408C4}.Testing|x64.ActiveCfg = Release|x64
		{8C6CC00A-F5A8-4BFF-9391-F65A073408C4}.Testing|x64.Build.0 = Release|x64
		{8C6CC00A-F5A8-4BFF-9391-F65A073408C4}.Testing|x86.ActiveCfg = Release|x86
		{8C6CC00A-F5A8-4BFF-9391-F65A073408C4}.Testing|x86.Build.0 = Release|x86
		{9DA591ED-C570-47AC-8E5D-35B039E07973}.Debug|Any CPU.ActiveCfg = Debug|Any CPU
		{9DA591ED-C570-47AC-8E5D-35B039E07973}.Debug|Any CPU.Build.0 = Debug|Any CPU
		{9DA591ED-C570-47AC-8E5D-35B039E07973}.Debug|Mixed Platforms.ActiveCfg = Debug|Any CPU
		{9DA591ED-C570-47AC-8E5D-35B039E07973}.Debug|Mixed Platforms.Build.0 = Debug|Any CPU
		{9DA591ED-C570-47AC-8E5D-35B039E07973}.Debug|x64.ActiveCfg = Debug|Any CPU
		{9DA591ED-C570-47AC-8E5D-35B039E07973}.Debug|x86.ActiveCfg = Debug|Any CPU
		{9DA591ED-C570-47AC-8E5D-35B039E07973}.Mono Debug|Any CPU.ActiveCfg = Mono Debug|Any CPU
		{9DA591ED-C570-47AC-8E5D-35B039E07973}.Mono Debug|Any CPU.Build.0 = Mono Debug|Any CPU
		{9DA591ED-C570-47AC-8E5D-35B039E07973}.Mono Debug|Mixed Platforms.ActiveCfg = Mono Debug|Any CPU
		{9DA591ED-C570-47AC-8E5D-35B039E07973}.Mono Debug|Mixed Platforms.Build.0 = Mono Debug|Any CPU
		{9DA591ED-C570-47AC-8E5D-35B039E07973}.Mono Debug|x64.ActiveCfg = Mono Debug|Any CPU
		{9DA591ED-C570-47AC-8E5D-35B039E07973}.Mono Debug|x86.ActiveCfg = Mono Debug|Any CPU
		{9DA591ED-C570-47AC-8E5D-35B039E07973}.Mono Release|Any CPU.ActiveCfg = Mono Release|Any CPU
		{9DA591ED-C570-47AC-8E5D-35B039E07973}.Mono Release|Any CPU.Build.0 = Mono Release|Any CPU
		{9DA591ED-C570-47AC-8E5D-35B039E07973}.Mono Release|Mixed Platforms.ActiveCfg = Mono Release|Any CPU
		{9DA591ED-C570-47AC-8E5D-35B039E07973}.Mono Release|Mixed Platforms.Build.0 = Mono Release|Any CPU
		{9DA591ED-C570-47AC-8E5D-35B039E07973}.Mono Release|x64.ActiveCfg = Mono Release|Any CPU
		{9DA591ED-C570-47AC-8E5D-35B039E07973}.Mono Release|x86.ActiveCfg = Mono Release|Any CPU
		{9DA591ED-C570-47AC-8E5D-35B039E07973}.Release|Any CPU.ActiveCfg = Release|Any CPU
		{9DA591ED-C570-47AC-8E5D-35B039E07973}.Release|Any CPU.Build.0 = Release|Any CPU
		{9DA591ED-C570-47AC-8E5D-35B039E07973}.Release|Mixed Platforms.ActiveCfg = Release|Any CPU
		{9DA591ED-C570-47AC-8E5D-35B039E07973}.Release|Mixed Platforms.Build.0 = Release|Any CPU
		{9DA591ED-C570-47AC-8E5D-35B039E07973}.Release|x64.ActiveCfg = Release|Any CPU
		{9DA591ED-C570-47AC-8E5D-35B039E07973}.Release|x86.ActiveCfg = Release|Any CPU
		{9DA591ED-C570-47AC-8E5D-35B039E07973}.Testing|Any CPU.ActiveCfg = Testing|Any CPU
		{9DA591ED-C570-47AC-8E5D-35B039E07973}.Testing|Any CPU.Build.0 = Testing|Any CPU
		{9DA591ED-C570-47AC-8E5D-35B039E07973}.Testing|Mixed Platforms.ActiveCfg = Testing|Any CPU
		{9DA591ED-C570-47AC-8E5D-35B039E07973}.Testing|Mixed Platforms.Build.0 = Testing|Any CPU
		{9DA591ED-C570-47AC-8E5D-35B039E07973}.Testing|x64.ActiveCfg = Testing|Any CPU
		{9DA591ED-C570-47AC-8E5D-35B039E07973}.Testing|x86.ActiveCfg = Testing|Any CPU
		{D48FABCC-A19A-4023-94E1-C32B28BD896E}.Debug|Any CPU.ActiveCfg = Debug|Any CPU
		{D48FABCC-A19A-4023-94E1-C32B28BD896E}.Debug|Any CPU.Build.0 = Debug|Any CPU
		{D48FABCC-A19A-4023-94E1-C32B28BD896E}.Debug|Mixed Platforms.ActiveCfg = Debug|Any CPU
		{D48FABCC-A19A-4023-94E1-C32B28BD896E}.Debug|Mixed Platforms.Build.0 = Debug|Any CPU
		{D48FABCC-A19A-4023-94E1-C32B28BD896E}.Debug|x64.ActiveCfg = Debug|Any CPU
		{D48FABCC-A19A-4023-94E1-C32B28BD896E}.Debug|x86.ActiveCfg = Debug|Any CPU
		{D48FABCC-A19A-4023-94E1-C32B28BD896E}.Mono Debug|Any CPU.ActiveCfg = Debug|Any CPU
		{D48FABCC-A19A-4023-94E1-C32B28BD896E}.Mono Debug|Any CPU.Build.0 = Debug|Any CPU
		{D48FABCC-A19A-4023-94E1-C32B28BD896E}.Mono Debug|Mixed Platforms.ActiveCfg = Debug|Any CPU
		{D48FABCC-A19A-4023-94E1-C32B28BD896E}.Mono Debug|Mixed Platforms.Build.0 = Debug|Any CPU
		{D48FABCC-A19A-4023-94E1-C32B28BD896E}.Mono Debug|x64.ActiveCfg = Debug|Any CPU
		{D48FABCC-A19A-4023-94E1-C32B28BD896E}.Mono Debug|x86.ActiveCfg = Debug|Any CPU
		{D48FABCC-A19A-4023-94E1-C32B28BD896E}.Mono Release|Any CPU.ActiveCfg = Release|Any CPU
		{D48FABCC-A19A-4023-94E1-C32B28BD896E}.Mono Release|Any CPU.Build.0 = Release|Any CPU
		{D48FABCC-A19A-4023-94E1-C32B28BD896E}.Mono Release|Mixed Platforms.ActiveCfg = Release|Any CPU
		{D48FABCC-A19A-4023-94E1-C32B28BD896E}.Mono Release|Mixed Platforms.Build.0 = Release|Any CPU
		{D48FABCC-A19A-4023-94E1-C32B28BD896E}.Mono Release|x64.ActiveCfg = Release|Any CPU
		{D48FABCC-A19A-4023-94E1-C32B28BD896E}.Mono Release|x86.ActiveCfg = Release|Any CPU
		{D48FABCC-A19A-4023-94E1-C32B28BD896E}.Release|Any CPU.ActiveCfg = Release|Any CPU
		{D48FABCC-A19A-4023-94E1-C32B28BD896E}.Release|Any CPU.Build.0 = Release|Any CPU
		{D48FABCC-A19A-4023-94E1-C32B28BD896E}.Release|Mixed Platforms.ActiveCfg = Release|Any CPU
		{D48FABCC-A19A-4023-94E1-C32B28BD896E}.Release|Mixed Platforms.Build.0 = Release|Any CPU
		{D48FABCC-A19A-4023-94E1-C32B28BD896E}.Release|x64.ActiveCfg = Release|Any CPU
		{D48FABCC-A19A-4023-94E1-C32B28BD896E}.Release|x86.ActiveCfg = Release|Any CPU
		{D48FABCC-A19A-4023-94E1-C32B28BD896E}.Testing|Any CPU.ActiveCfg = Release|Any CPU
		{D48FABCC-A19A-4023-94E1-C32B28BD896E}.Testing|Any CPU.Build.0 = Release|Any CPU
		{D48FABCC-A19A-4023-94E1-C32B28BD896E}.Testing|Mixed Platforms.ActiveCfg = Release|Any CPU
		{D48FABCC-A19A-4023-94E1-C32B28BD896E}.Testing|Mixed Platforms.Build.0 = Release|Any CPU
		{D48FABCC-A19A-4023-94E1-C32B28BD896E}.Testing|x64.ActiveCfg = Release|Any CPU
		{D48FABCC-A19A-4023-94E1-C32B28BD896E}.Testing|x86.ActiveCfg = Release|Any CPU
		{04F12D35-332A-4A7D-A0A8-18CC30712697}.Debug|Any CPU.ActiveCfg = Debug|x86
		{04F12D35-332A-4A7D-A0A8-18CC30712697}.Debug|Mixed Platforms.ActiveCfg = Debug|x86
		{04F12D35-332A-4A7D-A0A8-18CC30712697}.Debug|Mixed Platforms.Build.0 = Debug|x86
		{04F12D35-332A-4A7D-A0A8-18CC30712697}.Debug|x64.ActiveCfg = Debug|x86
		{04F12D35-332A-4A7D-A0A8-18CC30712697}.Debug|x86.ActiveCfg = Debug|x86
		{04F12D35-332A-4A7D-A0A8-18CC30712697}.Debug|x86.Build.0 = Debug|x86
		{04F12D35-332A-4A7D-A0A8-18CC30712697}.Mono Debug|Any CPU.ActiveCfg = Debug|x86
		{04F12D35-332A-4A7D-A0A8-18CC30712697}.Mono Debug|Mixed Platforms.ActiveCfg = Debug|x86
		{04F12D35-332A-4A7D-A0A8-18CC30712697}.Mono Debug|Mixed Platforms.Build.0 = Debug|x86
		{04F12D35-332A-4A7D-A0A8-18CC30712697}.Mono Debug|x64.ActiveCfg = Debug|x86
		{04F12D35-332A-4A7D-A0A8-18CC30712697}.Mono Debug|x86.ActiveCfg = Debug|x86
		{04F12D35-332A-4A7D-A0A8-18CC30712697}.Mono Debug|x86.Build.0 = Debug|x86
		{04F12D35-332A-4A7D-A0A8-18CC30712697}.Mono Release|Any CPU.ActiveCfg = Release|x86
		{04F12D35-332A-4A7D-A0A8-18CC30712697}.Mono Release|Mixed Platforms.ActiveCfg = Release|x86
		{04F12D35-332A-4A7D-A0A8-18CC30712697}.Mono Release|Mixed Platforms.Build.0 = Release|x86
		{04F12D35-332A-4A7D-A0A8-18CC30712697}.Mono Release|x64.ActiveCfg = Release|x86
		{04F12D35-332A-4A7D-A0A8-18CC30712697}.Mono Release|x86.ActiveCfg = Release|x86
		{04F12D35-332A-4A7D-A0A8-18CC30712697}.Mono Release|x86.Build.0 = Release|x86
		{04F12D35-332A-4A7D-A0A8-18CC30712697}.Release|Any CPU.ActiveCfg = Release|x86
		{04F12D35-332A-4A7D-A0A8-18CC30712697}.Release|Mixed Platforms.ActiveCfg = Release|x86
		{04F12D35-332A-4A7D-A0A8-18CC30712697}.Release|Mixed Platforms.Build.0 = Release|x86
		{04F12D35-332A-4A7D-A0A8-18CC30712697}.Release|x64.ActiveCfg = Release|x86
		{04F12D35-332A-4A7D-A0A8-18CC30712697}.Release|x86.ActiveCfg = Release|x86
		{04F12D35-332A-4A7D-A0A8-18CC30712697}.Release|x86.Build.0 = Release|x86
		{04F12D35-332A-4A7D-A0A8-18CC30712697}.Testing|Any CPU.ActiveCfg = Release|x86
		{04F12D35-332A-4A7D-A0A8-18CC30712697}.Testing|Mixed Platforms.ActiveCfg = Release|x86
		{04F12D35-332A-4A7D-A0A8-18CC30712697}.Testing|Mixed Platforms.Build.0 = Release|x86
		{04F12D35-332A-4A7D-A0A8-18CC30712697}.Testing|x64.ActiveCfg = Release|x86
		{04F12D35-332A-4A7D-A0A8-18CC30712697}.Testing|x86.ActiveCfg = Release|x86
		{04F12D35-332A-4A7D-A0A8-18CC30712697}.Testing|x86.Build.0 = Release|x86
		{2ECB100D-801B-4778-BF19-B2BDE89DEE42}.Debug|Any CPU.ActiveCfg = Debug|Any CPU
		{2ECB100D-801B-4778-BF19-B2BDE89DEE42}.Debug|Any CPU.Build.0 = Debug|Any CPU
		{2ECB100D-801B-4778-BF19-B2BDE89DEE42}.Debug|Mixed Platforms.ActiveCfg = Debug|Any CPU
		{2ECB100D-801B-4778-BF19-B2BDE89DEE42}.Debug|Mixed Platforms.Build.0 = Debug|Any CPU
		{2ECB100D-801B-4778-BF19-B2BDE89DEE42}.Debug|x64.ActiveCfg = Debug|Any CPU
		{2ECB100D-801B-4778-BF19-B2BDE89DEE42}.Debug|x86.ActiveCfg = Debug|Any CPU
		{2ECB100D-801B-4778-BF19-B2BDE89DEE42}.Mono Debug|Any CPU.ActiveCfg = Debug|Any CPU
		{2ECB100D-801B-4778-BF19-B2BDE89DEE42}.Mono Debug|Any CPU.Build.0 = Debug|Any CPU
		{2ECB100D-801B-4778-BF19-B2BDE89DEE42}.Mono Debug|Mixed Platforms.ActiveCfg = Debug|Any CPU
		{2ECB100D-801B-4778-BF19-B2BDE89DEE42}.Mono Debug|Mixed Platforms.Build.0 = Debug|Any CPU
		{2ECB100D-801B-4778-BF19-B2BDE89DEE42}.Mono Debug|x64.ActiveCfg = Debug|Any CPU
		{2ECB100D-801B-4778-BF19-B2BDE89DEE42}.Mono Debug|x86.ActiveCfg = Debug|Any CPU
		{2ECB100D-801B-4778-BF19-B2BDE89DEE42}.Mono Release|Any CPU.ActiveCfg = Release|Any CPU
		{2ECB100D-801B-4778-BF19-B2BDE89DEE42}.Mono Release|Any CPU.Build.0 = Release|Any CPU
		{2ECB100D-801B-4778-BF19-B2BDE89DEE42}.Mono Release|Mixed Platforms.ActiveCfg = Release|Any CPU
		{2ECB100D-801B-4778-BF19-B2BDE89DEE42}.Mono Release|Mixed Platforms.Build.0 = Release|Any CPU
		{2ECB100D-801B-4778-BF19-B2BDE89DEE42}.Mono Release|x64.ActiveCfg = Release|Any CPU
		{2ECB100D-801B-4778-BF19-B2BDE89DEE42}.Mono Release|x86.ActiveCfg = Release|Any CPU
		{2ECB100D-801B-4778-BF19-B2BDE89DEE42}.Release|Any CPU.ActiveCfg = Release|Any CPU
		{2ECB100D-801B-4778-BF19-B2BDE89DEE42}.Release|Any CPU.Build.0 = Release|Any CPU
		{2ECB100D-801B-4778-BF19-B2BDE89DEE42}.Release|Mixed Platforms.ActiveCfg = Release|Any CPU
		{2ECB100D-801B-4778-BF19-B2BDE89DEE42}.Release|Mixed Platforms.Build.0 = Release|Any CPU
		{2ECB100D-801B-4778-BF19-B2BDE89DEE42}.Release|x64.ActiveCfg = Release|Any CPU
		{2ECB100D-801B-4778-BF19-B2BDE89DEE42}.Release|x86.ActiveCfg = Release|Any CPU
		{2ECB100D-801B-4778-BF19-B2BDE89DEE42}.Testing|Any CPU.ActiveCfg = Release|Any CPU
		{2ECB100D-801B-4778-BF19-B2BDE89DEE42}.Testing|Any CPU.Build.0 = Release|Any CPU
		{2ECB100D-801B-4778-BF19-B2BDE89DEE42}.Testing|Mixed Platforms.ActiveCfg = Release|Any CPU
		{2ECB100D-801B-4778-BF19-B2BDE89DEE42}.Testing|Mixed Platforms.Build.0 = Release|Any CPU
		{2ECB100D-801B-4778-BF19-B2BDE89DEE42}.Testing|x64.ActiveCfg = Release|Any CPU
		{2ECB100D-801B-4778-BF19-B2BDE89DEE42}.Testing|x86.ActiveCfg = Release|Any CPU
		{99C51FB4-F39B-49A3-902A-94A32486F1B9}.Debug|Any CPU.ActiveCfg = Debug|Any CPU
		{99C51FB4-F39B-49A3-902A-94A32486F1B9}.Debug|Any CPU.Build.0 = Debug|Any CPU
		{99C51FB4-F39B-49A3-902A-94A32486F1B9}.Debug|Mixed Platforms.ActiveCfg = Debug|Any CPU
		{99C51FB4-F39B-49A3-902A-94A32486F1B9}.Debug|Mixed Platforms.Build.0 = Debug|Any CPU
		{99C51FB4-F39B-49A3-902A-94A32486F1B9}.Debug|x64.ActiveCfg = Debug|Any CPU
		{99C51FB4-F39B-49A3-902A-94A32486F1B9}.Debug|x86.ActiveCfg = Debug|Any CPU
		{99C51FB4-F39B-49A3-902A-94A32486F1B9}.Mono Debug|Any CPU.ActiveCfg = Debug|Any CPU
		{99C51FB4-F39B-49A3-902A-94A32486F1B9}.Mono Debug|Any CPU.Build.0 = Debug|Any CPU
		{99C51FB4-F39B-49A3-902A-94A32486F1B9}.Mono Debug|Mixed Platforms.ActiveCfg = Debug|Any CPU
		{99C51FB4-F39B-49A3-902A-94A32486F1B9}.Mono Debug|Mixed Platforms.Build.0 = Debug|Any CPU
		{99C51FB4-F39B-49A3-902A-94A32486F1B9}.Mono Debug|x64.ActiveCfg = Debug|Any CPU
		{99C51FB4-F39B-49A3-902A-94A32486F1B9}.Mono Debug|x86.ActiveCfg = Debug|Any CPU
		{99C51FB4-F39B-49A3-902A-94A32486F1B9}.Mono Release|Any CPU.ActiveCfg = Release|Any CPU
		{99C51FB4-F39B-49A3-902A-94A32486F1B9}.Mono Release|Any CPU.Build.0 = Release|Any CPU
		{99C51FB4-F39B-49A3-902A-94A32486F1B9}.Mono Release|Mixed Platforms.ActiveCfg = Release|Any CPU
		{99C51FB4-F39B-49A3-902A-94A32486F1B9}.Mono Release|Mixed Platforms.Build.0 = Release|Any CPU
		{99C51FB4-F39B-49A3-902A-94A32486F1B9}.Mono Release|x64.ActiveCfg = Release|Any CPU
		{99C51FB4-F39B-49A3-902A-94A32486F1B9}.Mono Release|x86.ActiveCfg = Release|Any CPU
		{99C51FB4-F39B-49A3-902A-94A32486F1B9}.Release|Any CPU.ActiveCfg = Release|Any CPU
		{99C51FB4-F39B-49A3-902A-94A32486F1B9}.Release|Any CPU.Build.0 = Release|Any CPU
		{99C51FB4-F39B-49A3-902A-94A32486F1B9}.Release|Mixed Platforms.ActiveCfg = Release|Any CPU
		{99C51FB4-F39B-49A3-902A-94A32486F1B9}.Release|Mixed Platforms.Build.0 = Release|Any CPU
		{99C51FB4-F39B-49A3-902A-94A32486F1B9}.Release|x64.ActiveCfg = Release|Any CPU
		{99C51FB4-F39B-49A3-902A-94A32486F1B9}.Release|x86.ActiveCfg = Release|Any CPU
		{99C51FB4-F39B-49A3-902A-94A32486F1B9}.Testing|Any CPU.ActiveCfg = Release|Any CPU
		{99C51FB4-F39B-49A3-902A-94A32486F1B9}.Testing|Any CPU.Build.0 = Release|Any CPU
		{99C51FB4-F39B-49A3-902A-94A32486F1B9}.Testing|Mixed Platforms.ActiveCfg = Release|Any CPU
		{99C51FB4-F39B-49A3-902A-94A32486F1B9}.Testing|Mixed Platforms.Build.0 = Release|Any CPU
		{99C51FB4-F39B-49A3-902A-94A32486F1B9}.Testing|x64.ActiveCfg = Release|Any CPU
		{99C51FB4-F39B-49A3-902A-94A32486F1B9}.Testing|x86.ActiveCfg = Release|Any CPU
		{C333CFED-D5A6-47A2-96A6-F13EE2B71ECF}.Debug|Any CPU.ActiveCfg = Debug|Any CPU
		{C333CFED-D5A6-47A2-96A6-F13EE2B71ECF}.Debug|Any CPU.Build.0 = Debug|Any CPU
		{C333CFED-D5A6-47A2-96A6-F13EE2B71ECF}.Debug|Mixed Platforms.ActiveCfg = Debug|Any CPU
		{C333CFED-D5A6-47A2-96A6-F13EE2B71ECF}.Debug|Mixed Platforms.Build.0 = Debug|Any CPU
		{C333CFED-D5A6-47A2-96A6-F13EE2B71ECF}.Debug|x64.ActiveCfg = Debug|Any CPU
		{C333CFED-D5A6-47A2-96A6-F13EE2B71ECF}.Debug|x86.ActiveCfg = Debug|Any CPU
		{C333CFED-D5A6-47A2-96A6-F13EE2B71ECF}.Mono Debug|Any CPU.ActiveCfg = Mono Debug|Any CPU
		{C333CFED-D5A6-47A2-96A6-F13EE2B71ECF}.Mono Debug|Any CPU.Build.0 = Mono Debug|Any CPU
		{C333CFED-D5A6-47A2-96A6-F13EE2B71ECF}.Mono Debug|Mixed Platforms.ActiveCfg = Mono Debug|Any CPU
		{C333CFED-D5A6-47A2-96A6-F13EE2B71ECF}.Mono Debug|Mixed Platforms.Build.0 = Mono Debug|Any CPU
		{C333CFED-D5A6-47A2-96A6-F13EE2B71ECF}.Mono Debug|x64.ActiveCfg = Mono Debug|Any CPU
		{C333CFED-D5A6-47A2-96A6-F13EE2B71ECF}.Mono Debug|x86.ActiveCfg = Mono Debug|Any CPU
		{C333CFED-D5A6-47A2-96A6-F13EE2B71ECF}.Mono Release|Any CPU.ActiveCfg = Mono Release|Any CPU
		{C333CFED-D5A6-47A2-96A6-F13EE2B71ECF}.Mono Release|Any CPU.Build.0 = Mono Release|Any CPU
		{C333CFED-D5A6-47A2-96A6-F13EE2B71ECF}.Mono Release|Mixed Platforms.ActiveCfg = Mono Release|Any CPU
		{C333CFED-D5A6-47A2-96A6-F13EE2B71ECF}.Mono Release|Mixed Platforms.Build.0 = Mono Release|Any CPU
		{C333CFED-D5A6-47A2-96A6-F13EE2B71ECF}.Mono Release|x64.ActiveCfg = Mono Release|Any CPU
		{C333CFED-D5A6-47A2-96A6-F13EE2B71ECF}.Mono Release|x86.ActiveCfg = Mono Release|Any CPU
		{C333CFED-D5A6-47A2-96A6-F13EE2B71ECF}.Release|Any CPU.ActiveCfg = Release|Any CPU
		{C333CFED-D5A6-47A2-96A6-F13EE2B71ECF}.Release|Any CPU.Build.0 = Release|Any CPU
		{C333CFED-D5A6-47A2-96A6-F13EE2B71ECF}.Release|Mixed Platforms.ActiveCfg = Release|Any CPU
		{C333CFED-D5A6-47A2-96A6-F13EE2B71ECF}.Release|Mixed Platforms.Build.0 = Release|Any CPU
		{C333CFED-D5A6-47A2-96A6-F13EE2B71ECF}.Release|x64.ActiveCfg = Release|Any CPU
		{C333CFED-D5A6-47A2-96A6-F13EE2B71ECF}.Release|x86.ActiveCfg = Release|Any CPU
		{C333CFED-D5A6-47A2-96A6-F13EE2B71ECF}.Testing|Any CPU.ActiveCfg = Mono Release|Any CPU
		{C333CFED-D5A6-47A2-96A6-F13EE2B71ECF}.Testing|Any CPU.Build.0 = Mono Release|Any CPU
		{C333CFED-D5A6-47A2-96A6-F13EE2B71ECF}.Testing|Mixed Platforms.ActiveCfg = Mono Release|Any CPU
		{C333CFED-D5A6-47A2-96A6-F13EE2B71ECF}.Testing|Mixed Platforms.Build.0 = Mono Release|Any CPU
		{C333CFED-D5A6-47A2-96A6-F13EE2B71ECF}.Testing|x64.ActiveCfg = Mono Release|Any CPU
		{C333CFED-D5A6-47A2-96A6-F13EE2B71ECF}.Testing|x86.ActiveCfg = Mono Release|Any CPU
		{95BD3F89-0CDF-47B8-8D0A-26732FC26F24}.Debug|Any CPU.ActiveCfg = Debug|Any CPU
		{95BD3F89-0CDF-47B8-8D0A-26732FC26F24}.Debug|Any CPU.Build.0 = Debug|Any CPU
		{95BD3F89-0CDF-47B8-8D0A-26732FC26F24}.Debug|Mixed Platforms.ActiveCfg = Debug|Any CPU
		{95BD3F89-0CDF-47B8-8D0A-26732FC26F24}.Debug|Mixed Platforms.Build.0 = Debug|Any CPU
		{95BD3F89-0CDF-47B8-8D0A-26732FC26F24}.Debug|x64.ActiveCfg = Debug|Any CPU
		{95BD3F89-0CDF-47B8-8D0A-26732FC26F24}.Debug|x86.ActiveCfg = Debug|Any CPU
		{95BD3F89-0CDF-47B8-8D0A-26732FC26F24}.Mono Debug|Any CPU.ActiveCfg = Debug|Any CPU
		{95BD3F89-0CDF-47B8-8D0A-26732FC26F24}.Mono Debug|Any CPU.Build.0 = Debug|Any CPU
		{95BD3F89-0CDF-47B8-8D0A-26732FC26F24}.Mono Debug|Mixed Platforms.ActiveCfg = Debug|Any CPU
		{95BD3F89-0CDF-47B8-8D0A-26732FC26F24}.Mono Debug|Mixed Platforms.Build.0 = Debug|Any CPU
		{95BD3F89-0CDF-47B8-8D0A-26732FC26F24}.Mono Debug|x64.ActiveCfg = Debug|Any CPU
		{95BD3F89-0CDF-47B8-8D0A-26732FC26F24}.Mono Debug|x86.ActiveCfg = Debug|Any CPU
		{95BD3F89-0CDF-47B8-8D0A-26732FC26F24}.Mono Release|Any CPU.ActiveCfg = Release|Any CPU
		{95BD3F89-0CDF-47B8-8D0A-26732FC26F24}.Mono Release|Any CPU.Build.0 = Release|Any CPU
		{95BD3F89-0CDF-47B8-8D0A-26732FC26F24}.Mono Release|Mixed Platforms.ActiveCfg = Release|Any CPU
		{95BD3F89-0CDF-47B8-8D0A-26732FC26F24}.Mono Release|Mixed Platforms.Build.0 = Release|Any CPU
		{95BD3F89-0CDF-47B8-8D0A-26732FC26F24}.Mono Release|x64.ActiveCfg = Release|Any CPU
		{95BD3F89-0CDF-47B8-8D0A-26732FC26F24}.Mono Release|x86.ActiveCfg = Release|Any CPU
		{95BD3F89-0CDF-47B8-8D0A-26732FC26F24}.Release|Any CPU.ActiveCfg = Release|Any CPU
		{95BD3F89-0CDF-47B8-8D0A-26732FC26F24}.Release|Any CPU.Build.0 = Release|Any CPU
		{95BD3F89-0CDF-47B8-8D0A-26732FC26F24}.Release|Mixed Platforms.ActiveCfg = Release|Any CPU
		{95BD3F89-0CDF-47B8-8D0A-26732FC26F24}.Release|Mixed Platforms.Build.0 = Release|Any CPU
		{95BD3F89-0CDF-47B8-8D0A-26732FC26F24}.Release|x64.ActiveCfg = Release|Any CPU
		{95BD3F89-0CDF-47B8-8D0A-26732FC26F24}.Release|x86.ActiveCfg = Release|Any CPU
		{95BD3F89-0CDF-47B8-8D0A-26732FC26F24}.Testing|Any CPU.ActiveCfg = Release|Any CPU
		{95BD3F89-0CDF-47B8-8D0A-26732FC26F24}.Testing|Any CPU.Build.0 = Release|Any CPU
		{95BD3F89-0CDF-47B8-8D0A-26732FC26F24}.Testing|Mixed Platforms.ActiveCfg = Release|Any CPU
		{95BD3F89-0CDF-47B8-8D0A-26732FC26F24}.Testing|Mixed Platforms.Build.0 = Release|Any CPU
		{95BD3F89-0CDF-47B8-8D0A-26732FC26F24}.Testing|x64.ActiveCfg = Release|Any CPU
		{95BD3F89-0CDF-47B8-8D0A-26732FC26F24}.Testing|x86.ActiveCfg = Release|Any CPU
		{A3E7D5AB-F2C6-470D-BCB2-359F492ECD7B}.Debug|Any CPU.ActiveCfg = Debug|Any CPU
		{A3E7D5AB-F2C6-470D-BCB2-359F492ECD7B}.Debug|Any CPU.Build.0 = Debug|Any CPU
		{A3E7D5AB-F2C6-470D-BCB2-359F492ECD7B}.Debug|Mixed Platforms.ActiveCfg = Debug|Any CPU
		{A3E7D5AB-F2C6-470D-BCB2-359F492ECD7B}.Debug|Mixed Platforms.Build.0 = Debug|Any CPU
		{A3E7D5AB-F2C6-470D-BCB2-359F492ECD7B}.Debug|x64.ActiveCfg = Debug|Any CPU
		{A3E7D5AB-F2C6-470D-BCB2-359F492ECD7B}.Debug|x86.ActiveCfg = Debug|Any CPU
		{A3E7D5AB-F2C6-470D-BCB2-359F492ECD7B}.Mono Debug|Any CPU.ActiveCfg = Debug|Any CPU
		{A3E7D5AB-F2C6-470D-BCB2-359F492ECD7B}.Mono Debug|Any CPU.Build.0 = Debug|Any CPU
		{A3E7D5AB-F2C6-470D-BCB2-359F492ECD7B}.Mono Debug|Mixed Platforms.ActiveCfg = Debug|Any CPU
		{A3E7D5AB-F2C6-470D-BCB2-359F492ECD7B}.Mono Debug|Mixed Platforms.Build.0 = Debug|Any CPU
		{A3E7D5AB-F2C6-470D-BCB2-359F492ECD7B}.Mono Debug|x64.ActiveCfg = Debug|Any CPU
		{A3E7D5AB-F2C6-470D-BCB2-359F492ECD7B}.Mono Debug|x86.ActiveCfg = Debug|Any CPU
		{A3E7D5AB-F2C6-470D-BCB2-359F492ECD7B}.Mono Release|Any CPU.ActiveCfg = Release|Any CPU
		{A3E7D5AB-F2C6-470D-BCB2-359F492ECD7B}.Mono Release|Any CPU.Build.0 = Release|Any CPU
		{A3E7D5AB-F2C6-470D-BCB2-359F492ECD7B}.Mono Release|Mixed Platforms.ActiveCfg = Release|Any CPU
		{A3E7D5AB-F2C6-470D-BCB2-359F492ECD7B}.Mono Release|Mixed Platforms.Build.0 = Release|Any CPU
		{A3E7D5AB-F2C6-470D-BCB2-359F492ECD7B}.Mono Release|x64.ActiveCfg = Release|Any CPU
		{A3E7D5AB-F2C6-470D-BCB2-359F492ECD7B}.Mono Release|x86.ActiveCfg = Release|Any CPU
		{A3E7D5AB-F2C6-470D-BCB2-359F492ECD7B}.Release|Any CPU.ActiveCfg = Release|Any CPU
		{A3E7D5AB-F2C6-470D-BCB2-359F492ECD7B}.Release|Any CPU.Build.0 = Release|Any CPU
		{A3E7D5AB-F2C6-470D-BCB2-359F492ECD7B}.Release|Mixed Platforms.ActiveCfg = Release|Any CPU
		{A3E7D5AB-F2C6-470D-BCB2-359F492ECD7B}.Release|Mixed Platforms.Build.0 = Release|Any CPU
		{A3E7D5AB-F2C6-470D-BCB2-359F492ECD7B}.Release|x64.ActiveCfg = Release|Any CPU
		{A3E7D5AB-F2C6-470D-BCB2-359F492ECD7B}.Release|x86.ActiveCfg = Release|Any CPU
		{A3E7D5AB-F2C6-470D-BCB2-359F492ECD7B}.Testing|Any CPU.ActiveCfg = Release|Any CPU
		{A3E7D5AB-F2C6-470D-BCB2-359F492ECD7B}.Testing|Any CPU.Build.0 = Release|Any CPU
		{A3E7D5AB-F2C6-470D-BCB2-359F492ECD7B}.Testing|Mixed Platforms.ActiveCfg = Release|Any CPU
		{A3E7D5AB-F2C6-470D-BCB2-359F492ECD7B}.Testing|Mixed Platforms.Build.0 = Release|Any CPU
		{A3E7D5AB-F2C6-470D-BCB2-359F492ECD7B}.Testing|x64.ActiveCfg = Release|Any CPU
		{A3E7D5AB-F2C6-470D-BCB2-359F492ECD7B}.Testing|x86.ActiveCfg = Release|Any CPU
		{AD000BFC-6C0D-4A52-B45B-B1DFAF866CA8}.Debug|Any CPU.ActiveCfg = Debug|Any CPU
		{AD000BFC-6C0D-4A52-B45B-B1DFAF866CA8}.Debug|Any CPU.Build.0 = Debug|Any CPU
		{AD000BFC-6C0D-4A52-B45B-B1DFAF866CA8}.Debug|Mixed Platforms.ActiveCfg = Debug|Any CPU
		{AD000BFC-6C0D-4A52-B45B-B1DFAF866CA8}.Debug|Mixed Platforms.Build.0 = Debug|Any CPU
		{AD000BFC-6C0D-4A52-B45B-B1DFAF866CA8}.Debug|x64.ActiveCfg = Debug|Any CPU
		{AD000BFC-6C0D-4A52-B45B-B1DFAF866CA8}.Debug|x86.ActiveCfg = Debug|Any CPU
		{AD000BFC-6C0D-4A52-B45B-B1DFAF866CA8}.Mono Debug|Any CPU.ActiveCfg = Debug|Any CPU
		{AD000BFC-6C0D-4A52-B45B-B1DFAF866CA8}.Mono Debug|Any CPU.Build.0 = Debug|Any CPU
		{AD000BFC-6C0D-4A52-B45B-B1DFAF866CA8}.Mono Debug|Mixed Platforms.ActiveCfg = Debug|Any CPU
		{AD000BFC-6C0D-4A52-B45B-B1DFAF866CA8}.Mono Debug|Mixed Platforms.Build.0 = Debug|Any CPU
		{AD000BFC-6C0D-4A52-B45B-B1DFAF866CA8}.Mono Debug|x64.ActiveCfg = Debug|Any CPU
		{AD000BFC-6C0D-4A52-B45B-B1DFAF866CA8}.Mono Debug|x86.ActiveCfg = Debug|Any CPU
		{AD000BFC-6C0D-4A52-B45B-B1DFAF866CA8}.Mono Release|Any CPU.ActiveCfg = Release|Any CPU
		{AD000BFC-6C0D-4A52-B45B-B1DFAF866CA8}.Mono Release|Any CPU.Build.0 = Release|Any CPU
		{AD000BFC-6C0D-4A52-B45B-B1DFAF866CA8}.Mono Release|Mixed Platforms.ActiveCfg = Release|Any CPU
		{AD000BFC-6C0D-4A52-B45B-B1DFAF866CA8}.Mono Release|Mixed Platforms.Build.0 = Release|Any CPU
		{AD000BFC-6C0D-4A52-B45B-B1DFAF866CA8}.Mono Release|x64.ActiveCfg = Release|Any CPU
		{AD000BFC-6C0D-4A52-B45B-B1DFAF866CA8}.Mono Release|x86.ActiveCfg = Release|Any CPU
		{AD000BFC-6C0D-4A52-B45B-B1DFAF866CA8}.Release|Any CPU.ActiveCfg = Release|Any CPU
		{AD000BFC-6C0D-4A52-B45B-B1DFAF866CA8}.Release|Any CPU.Build.0 = Release|Any CPU
		{AD000BFC-6C0D-4A52-B45B-B1DFAF866CA8}.Release|Mixed Platforms.ActiveCfg = Release|Any CPU
		{AD000BFC-6C0D-4A52-B45B-B1DFAF866CA8}.Release|Mixed Platforms.Build.0 = Release|Any CPU
		{AD000BFC-6C0D-4A52-B45B-B1DFAF866CA8}.Release|x64.ActiveCfg = Release|Any CPU
		{AD000BFC-6C0D-4A52-B45B-B1DFAF866CA8}.Release|x86.ActiveCfg = Release|Any CPU
		{AD000BFC-6C0D-4A52-B45B-B1DFAF866CA8}.Testing|Any CPU.ActiveCfg = Release|Any CPU
		{AD000BFC-6C0D-4A52-B45B-B1DFAF866CA8}.Testing|Any CPU.Build.0 = Release|Any CPU
		{AD000BFC-6C0D-4A52-B45B-B1DFAF866CA8}.Testing|Mixed Platforms.ActiveCfg = Release|Any CPU
		{AD000BFC-6C0D-4A52-B45B-B1DFAF866CA8}.Testing|Mixed Platforms.Build.0 = Release|Any CPU
		{AD000BFC-6C0D-4A52-B45B-B1DFAF866CA8}.Testing|x64.ActiveCfg = Release|Any CPU
		{AD000BFC-6C0D-4A52-B45B-B1DFAF866CA8}.Testing|x86.ActiveCfg = Release|Any CPU
		{4D92CA99-506F-4011-A5B7-4E07921A2E92}.Debug|Any CPU.ActiveCfg = Debug|Any CPU
		{4D92CA99-506F-4011-A5B7-4E07921A2E92}.Debug|Any CPU.Build.0 = Debug|Any CPU
		{4D92CA99-506F-4011-A5B7-4E07921A2E92}.Debug|Mixed Platforms.ActiveCfg = Debug|Any CPU
		{4D92CA99-506F-4011-A5B7-4E07921A2E92}.Debug|Mixed Platforms.Build.0 = Debug|Any CPU
		{4D92CA99-506F-4011-A5B7-4E07921A2E92}.Debug|x64.ActiveCfg = Debug|Any CPU
		{4D92CA99-506F-4011-A5B7-4E07921A2E92}.Debug|x86.ActiveCfg = Debug|Any CPU
		{4D92CA99-506F-4011-A5B7-4E07921A2E92}.Mono Debug|Any CPU.ActiveCfg = Debug|Any CPU
		{4D92CA99-506F-4011-A5B7-4E07921A2E92}.Mono Debug|Any CPU.Build.0 = Debug|Any CPU
		{4D92CA99-506F-4011-A5B7-4E07921A2E92}.Mono Debug|Mixed Platforms.ActiveCfg = Debug|Any CPU
		{4D92CA99-506F-4011-A5B7-4E07921A2E92}.Mono Debug|Mixed Platforms.Build.0 = Debug|Any CPU
		{4D92CA99-506F-4011-A5B7-4E07921A2E92}.Mono Debug|x64.ActiveCfg = Debug|Any CPU
		{4D92CA99-506F-4011-A5B7-4E07921A2E92}.Mono Debug|x86.ActiveCfg = Debug|Any CPU
		{4D92CA99-506F-4011-A5B7-4E07921A2E92}.Mono Release|Any CPU.ActiveCfg = Release|Any CPU
		{4D92CA99-506F-4011-A5B7-4E07921A2E92}.Mono Release|Any CPU.Build.0 = Release|Any CPU
		{4D92CA99-506F-4011-A5B7-4E07921A2E92}.Mono Release|Mixed Platforms.ActiveCfg = Release|Any CPU
		{4D92CA99-506F-4011-A5B7-4E07921A2E92}.Mono Release|Mixed Platforms.Build.0 = Release|Any CPU
		{4D92CA99-506F-4011-A5B7-4E07921A2E92}.Mono Release|x64.ActiveCfg = Release|Any CPU
		{4D92CA99-506F-4011-A5B7-4E07921A2E92}.Mono Release|x86.ActiveCfg = Release|Any CPU
		{4D92CA99-506F-4011-A5B7-4E07921A2E92}.Release|Any CPU.ActiveCfg = Release|Any CPU
		{4D92CA99-506F-4011-A5B7-4E07921A2E92}.Release|Any CPU.Build.0 = Release|Any CPU
		{4D92CA99-506F-4011-A5B7-4E07921A2E92}.Release|Mixed Platforms.ActiveCfg = Release|Any CPU
		{4D92CA99-506F-4011-A5B7-4E07921A2E92}.Release|Mixed Platforms.Build.0 = Release|Any CPU
		{4D92CA99-506F-4011-A5B7-4E07921A2E92}.Release|x64.ActiveCfg = Release|Any CPU
		{4D92CA99-506F-4011-A5B7-4E07921A2E92}.Release|x86.ActiveCfg = Release|Any CPU
		{4D92CA99-506F-4011-A5B7-4E07921A2E92}.Testing|Any CPU.ActiveCfg = Release|Any CPU
		{4D92CA99-506F-4011-A5B7-4E07921A2E92}.Testing|Any CPU.Build.0 = Release|Any CPU
		{4D92CA99-506F-4011-A5B7-4E07921A2E92}.Testing|Mixed Platforms.ActiveCfg = Release|Any CPU
		{4D92CA99-506F-4011-A5B7-4E07921A2E92}.Testing|Mixed Platforms.Build.0 = Release|Any CPU
		{4D92CA99-506F-4011-A5B7-4E07921A2E92}.Testing|x64.ActiveCfg = Release|Any CPU
		{4D92CA99-506F-4011-A5B7-4E07921A2E92}.Testing|x86.ActiveCfg = Release|Any CPU
		{52613160-43FA-4AB0-8A36-B776F6787DF1}.Debug|Any CPU.ActiveCfg = Debug|Any CPU
		{52613160-43FA-4AB0-8A36-B776F6787DF1}.Debug|Any CPU.Build.0 = Debug|Any CPU
		{52613160-43FA-4AB0-8A36-B776F6787DF1}.Debug|Mixed Platforms.ActiveCfg = Debug|Any CPU
		{52613160-43FA-4AB0-8A36-B776F6787DF1}.Debug|Mixed Platforms.Build.0 = Debug|Any CPU
		{52613160-43FA-4AB0-8A36-B776F6787DF1}.Debug|x64.ActiveCfg = Debug|Any CPU
		{52613160-43FA-4AB0-8A36-B776F6787DF1}.Debug|x86.ActiveCfg = Debug|Any CPU
		{52613160-43FA-4AB0-8A36-B776F6787DF1}.Mono Debug|Any CPU.ActiveCfg = Debug|Any CPU
		{52613160-43FA-4AB0-8A36-B776F6787DF1}.Mono Debug|Any CPU.Build.0 = Debug|Any CPU
		{52613160-43FA-4AB0-8A36-B776F6787DF1}.Mono Debug|Mixed Platforms.ActiveCfg = Debug|Any CPU
		{52613160-43FA-4AB0-8A36-B776F6787DF1}.Mono Debug|Mixed Platforms.Build.0 = Debug|Any CPU
		{52613160-43FA-4AB0-8A36-B776F6787DF1}.Mono Debug|x64.ActiveCfg = Debug|Any CPU
		{52613160-43FA-4AB0-8A36-B776F6787DF1}.Mono Debug|x86.ActiveCfg = Debug|Any CPU
		{52613160-43FA-4AB0-8A36-B776F6787DF1}.Mono Release|Any CPU.ActiveCfg = Release|Any CPU
		{52613160-43FA-4AB0-8A36-B776F6787DF1}.Mono Release|Any CPU.Build.0 = Release|Any CPU
		{52613160-43FA-4AB0-8A36-B776F6787DF1}.Mono Release|Mixed Platforms.ActiveCfg = Release|Any CPU
		{52613160-43FA-4AB0-8A36-B776F6787DF1}.Mono Release|Mixed Platforms.Build.0 = Release|Any CPU
		{52613160-43FA-4AB0-8A36-B776F6787DF1}.Mono Release|x64.ActiveCfg = Release|Any CPU
		{52613160-43FA-4AB0-8A36-B776F6787DF1}.Mono Release|x86.ActiveCfg = Release|Any CPU
		{52613160-43FA-4AB0-8A36-B776F6787DF1}.Release|Any CPU.ActiveCfg = Release|Any CPU
		{52613160-43FA-4AB0-8A36-B776F6787DF1}.Release|Any CPU.Build.0 = Release|Any CPU
		{52613160-43FA-4AB0-8A36-B776F6787DF1}.Release|Mixed Platforms.ActiveCfg = Release|Any CPU
		{52613160-43FA-4AB0-8A36-B776F6787DF1}.Release|Mixed Platforms.Build.0 = Release|Any CPU
		{52613160-43FA-4AB0-8A36-B776F6787DF1}.Release|x64.ActiveCfg = Release|Any CPU
		{52613160-43FA-4AB0-8A36-B776F6787DF1}.Release|x86.ActiveCfg = Release|Any CPU
		{52613160-43FA-4AB0-8A36-B776F6787DF1}.Testing|Any CPU.ActiveCfg = Release|Any CPU
		{52613160-43FA-4AB0-8A36-B776F6787DF1}.Testing|Any CPU.Build.0 = Release|Any CPU
		{52613160-43FA-4AB0-8A36-B776F6787DF1}.Testing|Mixed Platforms.ActiveCfg = Release|Any CPU
		{52613160-43FA-4AB0-8A36-B776F6787DF1}.Testing|Mixed Platforms.Build.0 = Release|Any CPU
		{52613160-43FA-4AB0-8A36-B776F6787DF1}.Testing|x64.ActiveCfg = Release|Any CPU
		{52613160-43FA-4AB0-8A36-B776F6787DF1}.Testing|x86.ActiveCfg = Release|Any CPU
	EndGlobalSection
	GlobalSection(SolutionProperties) = preSolution
		HideSolutionNode = FALSE
	EndGlobalSection
	GlobalSection(ExtensibilityGlobals) = postSolution
		SolutionGuid = {52BEE367-3293-4BC0-8FDD-C7AA3B708A2C}
	EndGlobalSection
	GlobalSection(SubversionScc) = preSolution
		Svn-Managed = True
		Manager = AnkhSVN - Subversion Support for Visual Studio
	EndGlobalSection
EndGlobal
